<?xml version="1.0" encoding="utf-8"?>
<Project ToolsVersion="4.0" xmlns="http://schemas.microsoft.com/developer/msbuild/2003">
  <ItemGroup>
    <Filter Include="소스 파일">
      <UniqueIdentifier>{4FC737F1-C7A5-4376-A066-2A32D752A2FF}</UniqueIdentifier>
      <Extensions>cpp;c;cc;cxx;c++;cppm;ixx;def;odl;idl;hpj;bat;asm;asmx</Extensions>
    </Filter>
    <Filter Include="헤더 파일">
      <UniqueIdentifier>{93995380-89BD-4b04-88EB-625FBE52EBFB}</UniqueIdentifier>
      <Extensions>h;hh;hpp;hxx;h++;hm;inl;inc;ipp;xsd</Extensions>
    </Filter>
    <Filter Include="리소스 파일">
      <UniqueIdentifier>{67DA6AB6-F800-4c08-8B7A-83BB121AAD01}</UniqueIdentifier>
      <Extensions>rc;ico;cur;bmp;dlg;rc2;rct;bin;rgs;gif;jpg;jpeg;jpe;resx;tiff;tif;png;wav;mfcribbon-ms</Extensions>
    </Filter>
  </ItemGroup>
  <ItemGroup>
    <ClCompile Include="arc_bf_hash.cpp">
      <Filter>소스 파일</Filter>
    </ClCompile>
    <ClCompile Include="a2.cpp">
      <Filter>소스 파일</Filter>
    </ClCompile>
    <ClCompile Include="basic.cpp">
      <Filter>소스 파일</Filter>
    </ClCompile>
    <ClCompile Include="bitewise.cpp">
      <Filter>소스 파일</Filter>
    </ClCompile>
    <ClCompile Include="bitvector.cpp">
      <Filter>소스 파일</Filter>
    </ClCompile>
    <ClCompile Include="counter_vector.cpp">
      <Filter>소스 파일</Filter>
    </ClCompile>
    <ClCompile Include="counting.cpp">
      <Filter>소스 파일</Filter>
    </ClCompile>
    <ClCompile Include="hash.cpp">
      <Filter>소스 파일</Filter>
    </ClCompile>
    <ClCompile Include="stable.cpp">
      <Filter>소스 파일</Filter>
    </ClCompile>
  </ItemGroup>
  <ItemGroup>
    <ClInclude Include="object.hpp">
      <Filter>헤더 파일</Filter>
    </ClInclude>
    <ClInclude Include="stable.hpp">
      <Filter>헤더 파일</Filter>
    </ClInclude>
    <ClInclude Include="wrap.hpp">
      <Filter>헤더 파일</Filter>
    </ClInclude>
    <ClInclude Include="a2.hpp">
      <Filter>헤더 파일</Filter>
    </ClInclude>
    <ClInclude Include="basic.hpp">
      <Filter>헤더 파일</Filter>
    </ClInclude>
    <ClInclude Include="bf.h">
      <Filter>헤더 파일</Filter>
    </ClInclude>
    <ClInclude Include="bitvector.hpp">
      <Filter>헤더 파일</Filter>
    </ClInclude>
    <ClInclude Include="bitwise.hpp">
      <Filter>헤더 파일</Filter>
    </ClInclude>
    <ClInclude Include="bloom_filter.hpp">
      <Filter>헤더 파일</Filter>
    </ClInclude>
    <ClInclude Include="counter_vector.hpp">
      <Filter>헤더 파일</Filter>
    </ClInclude>
    <ClInclude Include="counting.hpp">
      <Filter>헤더 파일</Filter>
    </ClInclude>
    <ClInclude Include="h3.hpp">
      <Filter>헤더 파일</Filter>
    </ClInclude>
    <ClInclude Include="hash.hpp">
      <Filter>헤더 파일</Filter>
    </ClInclude>
  </ItemGroup>
</Project>